// !$*UTF8*$!
{
	archiveVersion = 1;
	classes = {
	};
	objectVersion = 50;
	objects = {

/* Begin PBXBuildFile section */
		6B3BA21425B31B5100A130D4 /* UIColor-Extension.swift in Sources */ = {isa = PBXBuildFile; fileRef = 6B3BA21325B31B5100A130D4 /* UIColor-Extension.swift */; };
		6BE02EEC25B3241900589F15 /* ChatRoom.storyboard in Resources */ = {isa = PBXBuildFile; fileRef = 6BE02EEB25B3241900589F15 /* ChatRoom.storyboard */; };
		6BE02EF125B324A200589F15 /* ChatRoomViewController.swift in Sources */ = {isa = PBXBuildFile; fileRef = 6BE02EF025B324A200589F15 /* ChatRoomViewController.swift */; };
		6BE02EF625B32D2000589F15 /* ChatRoomTableViewCell.xib in Resources */ = {isa = PBXBuildFile; fileRef = 6BE02EF525B32D2000589F15 /* ChatRoomTableViewCell.xib */; };
		6BE02EFB25B32E7E00589F15 /* ChatRoomTableViewCell.swift in Sources */ = {isa = PBXBuildFile; fileRef = 6BE02EFA25B32E7E00589F15 /* ChatRoomTableViewCell.swift */; };
		6BE02F0325B3FC8500589F15 /* ChatInputAccessoryView.xib in Resources */ = {isa = PBXBuildFile; fileRef = 6BE02F0225B3FC8500589F15 /* ChatInputAccessoryView.xib */; };
		6BE02F0B25B3FEB300589F15 /* ChatInputAccessoryView.swift in Sources */ = {isa = PBXBuildFile; fileRef = 6BE02F0A25B3FEB300589F15 /* ChatInputAccessoryView.swift */; };
		6BEC8BA225AB1F7D00A5C413 /* AppDelegate.swift in Sources */ = {isa = PBXBuildFile; fileRef = 6BEC8BA125AB1F7D00A5C413 /* AppDelegate.swift */; };
		6BEC8BA425AB1F7D00A5C413 /* SceneDelegate.swift in Sources */ = {isa = PBXBuildFile; fileRef = 6BEC8BA325AB1F7D00A5C413 /* SceneDelegate.swift */; };
		6BEC8BAB25AB1F7E00A5C413 /* Assets.xcassets in Resources */ = {isa = PBXBuildFile; fileRef = 6BEC8BAA25AB1F7E00A5C413 /* Assets.xcassets */; };
		6BEC8BAE25AB1F7E00A5C413 /* LaunchScreen.storyboard in Resources */ = {isa = PBXBuildFile; fileRef = 6BEC8BAC25AB1F7E00A5C413 /* LaunchScreen.storyboard */; };
		6BEC8BB925AB1F7E00A5C413 /* MuscleRecommendTests.swift in Sources */ = {isa = PBXBuildFile; fileRef = 6BEC8BB825AB1F7E00A5C413 /* MuscleRecommendTests.swift */; };
		6BEC8BC425AB1F7E00A5C413 /* MuscleRecommendUITests.swift in Sources */ = {isa = PBXBuildFile; fileRef = 6BEC8BC325AB1F7E00A5C413 /* MuscleRecommendUITests.swift */; };
		6BEC8BDD25AC555C00A5C413 /* ChatList.storyboard in Resources */ = {isa = PBXBuildFile; fileRef = 6BEC8BDC25AC555C00A5C413 /* ChatList.storyboard */; };
		6BEC8BE225AC58ED00A5C413 /* ChatListViewController.swift in Sources */ = {isa = PBXBuildFile; fileRef = 6BEC8BE125AC58ED00A5C413 /* ChatListViewController.swift */; };
/* End PBXBuildFile section */

/* Begin PBXContainerItemProxy section */
		6BEC8BB525AB1F7E00A5C413 /* PBXContainerItemProxy */ = {
			isa = PBXContainerItemProxy;
			containerPortal = 6BEC8B9625AB1F7D00A5C413 /* Project object */;
			proxyType = 1;
			remoteGlobalIDString = 6BEC8B9D25AB1F7D00A5C413;
			remoteInfo = MuscleRecommend;
		};
		6BEC8BC025AB1F7E00A5C413 /* PBXContainerItemProxy */ = {
			isa = PBXContainerItemProxy;
			containerPortal = 6BEC8B9625AB1F7D00A5C413 /* Project object */;
			proxyType = 1;
			remoteGlobalIDString = 6BEC8B9D25AB1F7D00A5C413;
			remoteInfo = MuscleRecommend;
		};
/* End PBXContainerItemProxy section */

/* Begin PBXFileReference section */
		6B3BA21325B31B5100A130D4 /* UIColor-Extension.swift */ = {isa = PBXFileReference; lastKnownFileType = sourcecode.swift; path = "UIColor-Extension.swift"; sourceTree = "<group>"; };
		6BE02EEB25B3241900589F15 /* ChatRoom.storyboard */ = {isa = PBXFileReference; lastKnownFileType = file.storyboard; path = ChatRoom.storyboard; sourceTree = "<group>"; };
		6BE02EF025B324A200589F15 /* ChatRoomViewController.swift */ = {isa = PBXFileReference; lastKnownFileType = sourcecode.swift; path = ChatRoomViewController.swift; sourceTree = "<group>"; };
		6BE02EF525B32D2000589F15 /* ChatRoomTableViewCell.xib */ = {isa = PBXFileReference; lastKnownFileType = file.xib; path = ChatRoomTableViewCell.xib; sourceTree = "<group>"; };
		6BE02EFA25B32E7E00589F15 /* ChatRoomTableViewCell.swift */ = {isa = PBXFileReference; lastKnownFileType = sourcecode.swift; path = ChatRoomTableViewCell.swift; sourceTree = "<group>"; };
		6BE02F0225B3FC8500589F15 /* ChatInputAccessoryView.xib */ = {isa = PBXFileReference; lastKnownFileType = file.xib; path = ChatInputAccessoryView.xib; sourceTree = "<group>"; };
		6BE02F0A25B3FEB300589F15 /* ChatInputAccessoryView.swift */ = {isa = PBXFileReference; lastKnownFileType = sourcecode.swift; path = ChatInputAccessoryView.swift; sourceTree = "<group>"; };
		6BEC8B9E25AB1F7D00A5C413 /* MuscleRecommend.app */ = {isa = PBXFileReference; explicitFileType = wrapper.application; includeInIndex = 0; path = MuscleRecommend.app; sourceTree = BUILT_PRODUCTS_DIR; };
		6BEC8BA125AB1F7D00A5C413 /* AppDelegate.swift */ = {isa = PBXFileReference; lastKnownFileType = sourcecode.swift; path = AppDelegate.swift; sourceTree = "<group>"; };
		6BEC8BA325AB1F7D00A5C413 /* SceneDelegate.swift */ = {isa = PBXFileReference; lastKnownFileType = sourcecode.swift; path = SceneDelegate.swift; sourceTree = "<group>"; };
		6BEC8BAA25AB1F7E00A5C413 /* Assets.xcassets */ = {isa = PBXFileReference; lastKnownFileType = folder.assetcatalog; path = Assets.xcassets; sourceTree = "<group>"; };
		6BEC8BAD25AB1F7E00A5C413 /* Base */ = {isa = PBXFileReference; lastKnownFileType = file.storyboard; name = Base; path = Base.lproj/LaunchScreen.storyboard; sourceTree = "<group>"; };
		6BEC8BAF25AB1F7E00A5C413 /* Info.plist */ = {isa = PBXFileReference; lastKnownFileType = text.plist.xml; path = Info.plist; sourceTree = "<group>"; };
		6BEC8BB425AB1F7E00A5C413 /* MuscleRecommendTests.xctest */ = {isa = PBXFileReference; explicitFileType = wrapper.cfbundle; includeInIndex = 0; path = MuscleRecommendTests.xctest; sourceTree = BUILT_PRODUCTS_DIR; };
		6BEC8BB825AB1F7E00A5C413 /* MuscleRecommendTests.swift */ = {isa = PBXFileReference; lastKnownFileType = sourcecode.swift; path = MuscleRecommendTests.swift; sourceTree = "<group>"; };
		6BEC8BBA25AB1F7E00A5C413 /* Info.plist */ = {isa = PBXFileReference; lastKnownFileType = text.plist.xml; path = Info.plist; sourceTree = "<group>"; };
		6BEC8BBF25AB1F7E00A5C413 /* MuscleRecommendUITests.xctest */ = {isa = PBXFileReference; explicitFileType = wrapper.cfbundle; includeInIndex = 0; path = MuscleRecommendUITests.xctest; sourceTree = BUILT_PRODUCTS_DIR; };
		6BEC8BC325AB1F7E00A5C413 /* MuscleRecommendUITests.swift */ = {isa = PBXFileReference; lastKnownFileType = sourcecode.swift; path = MuscleRecommendUITests.swift; sourceTree = "<group>"; };
		6BEC8BC525AB1F7E00A5C413 /* Info.plist */ = {isa = PBXFileReference; lastKnownFileType = text.plist.xml; path = Info.plist; sourceTree = "<group>"; };
		6BEC8BDC25AC555C00A5C413 /* ChatList.storyboard */ = {isa = PBXFileReference; lastKnownFileType = file.storyboard; path = ChatList.storyboard; sourceTree = "<group>"; };
		6BEC8BE125AC58ED00A5C413 /* ChatListViewController.swift */ = {isa = PBXFileReference; lastKnownFileType = sourcecode.swift; path = ChatListViewController.swift; sourceTree = "<group>"; };
/* End PBXFileReference section */

/* Begin PBXFrameworksBuildPhase section */
		6BEC8B9B25AB1F7D00A5C413 /* Frameworks */ = {
			isa = PBXFrameworksBuildPhase;
			buildActionMask = 2147483647;
			files = (
			);
			runOnlyForDeploymentPostprocessing = 0;
		};
		6BEC8BB125AB1F7E00A5C413 /* Frameworks */ = {
			isa = PBXFrameworksBuildPhase;
			buildActionMask = 2147483647;
			files = (
			);
			runOnlyForDeploymentPostprocessing = 0;
		};
		6BEC8BBC25AB1F7E00A5C413 /* Frameworks */ = {
			isa = PBXFrameworksBuildPhase;
			buildActionMask = 2147483647;
			files = (
			);
			runOnlyForDeploymentPostprocessing = 0;
		};
/* End PBXFrameworksBuildPhase section */

/* Begin PBXGroup section */
		6BE02EFF25B3FC3C00589F15 /* Xib */ = {
			isa = PBXGroup;
			children = (
				6BE02F0225B3FC8500589F15 /* ChatInputAccessoryView.xib */,
				6BE02EF525B32D2000589F15 /* ChatRoomTableViewCell.xib */,
			);
			path = Xib;
			sourceTree = "<group>";
		};
		6BE02F0025B3FC4A00589F15 /* View */ = {
			isa = PBXGroup;
			children = (
				6BE02F0A25B3FEB300589F15 /* ChatInputAccessoryView.swift */,
				6BE02EFA25B32E7E00589F15 /* ChatRoomTableViewCell.swift */,
			);
			path = View;
			sourceTree = "<group>";
		};
		6BE02F0125B3FC5000589F15 /* Extension */ = {
			isa = PBXGroup;
			children = (
				6B3BA21325B31B5100A130D4 /* UIColor-Extension.swift */,
			);
			path = Extension;
			sourceTree = "<group>";
		};
		6BEC8B9525AB1F7D00A5C413 = {
			isa = PBXGroup;
			children = (
				6BEC8BA025AB1F7D00A5C413 /* MuscleRecommend */,
				6BEC8BB725AB1F7E00A5C413 /* MuscleRecommendTests */,
				6BEC8BC225AB1F7E00A5C413 /* MuscleRecommendUITests */,
				6BEC8B9F25AB1F7D00A5C413 /* Products */,
			);
			sourceTree = "<group>";
		};
		6BEC8B9F25AB1F7D00A5C413 /* Products */ = {
			isa = PBXGroup;
			children = (
				6BEC8B9E25AB1F7D00A5C413 /* MuscleRecommend.app */,
				6BEC8BB425AB1F7E00A5C413 /* MuscleRecommendTests.xctest */,
				6BEC8BBF25AB1F7E00A5C413 /* MuscleRecommendUITests.xctest */,
			);
			name = Products;
			sourceTree = "<group>";
		};
		6BEC8BA025AB1F7D00A5C413 /* MuscleRecommend */ = {
			isa = PBXGroup;
			children = (
				6BE02F0125B3FC5000589F15 /* Extension */,
				6BE02F0025B3FC4A00589F15 /* View */,
				6BE02EFF25B3FC3C00589F15 /* Xib */,
				6BEC8BF425B308DC00A5C413 /* StoryBoard */,
				6BEC8BF325B308CC00A5C413 /* Controller */,
				6BEC8BA125AB1F7D00A5C413 /* AppDelegate.swift */,
				6BEC8BA325AB1F7D00A5C413 /* SceneDelegate.swift */,
				6BEC8BAA25AB1F7E00A5C413 /* Assets.xcassets */,
				6BEC8BAC25AB1F7E00A5C413 /* LaunchScreen.storyboard */,
				6BEC8BAF25AB1F7E00A5C413 /* Info.plist */,
			);
			path = MuscleRecommend;
			sourceTree = "<group>";
		};
		6BEC8BB725AB1F7E00A5C413 /* MuscleRecommendTests */ = {
			isa = PBXGroup;
			children = (
				6BEC8BB825AB1F7E00A5C413 /* MuscleRecommendTests.swift */,
				6BEC8BBA25AB1F7E00A5C413 /* Info.plist */,
			);
			path = MuscleRecommendTests;
			sourceTree = "<group>";
		};
		6BEC8BC225AB1F7E00A5C413 /* MuscleRecommendUITests */ = {
			isa = PBXGroup;
			children = (
				6BEC8BC325AB1F7E00A5C413 /* MuscleRecommendUITests.swift */,
				6BEC8BC525AB1F7E00A5C413 /* Info.plist */,
			);
			path = MuscleRecommendUITests;
			sourceTree = "<group>";
		};
		6BEC8BF325B308CC00A5C413 /* Controller */ = {
			isa = PBXGroup;
			children = (
				6BEC8BE125AC58ED00A5C413 /* ChatListViewController.swift */,
				6BE02EF025B324A200589F15 /* ChatRoomViewController.swift */,
			);
			path = Controller;
			sourceTree = "<group>";
		};
		6BEC8BF425B308DC00A5C413 /* StoryBoard */ = {
			isa = PBXGroup;
			children = (
				6BEC8BDC25AC555C00A5C413 /* ChatList.storyboard */,
				6BE02EEB25B3241900589F15 /* ChatRoom.storyboard */,
			);
			path = StoryBoard;
			sourceTree = "<group>";
		};
/* End PBXGroup section */

/* Begin PBXNativeTarget section */
		6BEC8B9D25AB1F7D00A5C413 /* MuscleRecommend */ = {
			isa = PBXNativeTarget;
			buildConfigurationList = 6BEC8BC825AB1F7E00A5C413 /* Build configuration list for PBXNativeTarget "MuscleRecommend" */;
			buildPhases = (
				6BEC8B9A25AB1F7D00A5C413 /* Sources */,
				6BEC8B9B25AB1F7D00A5C413 /* Frameworks */,
				6BEC8B9C25AB1F7D00A5C413 /* Resources */,
			);
			buildRules = (
			);
			dependencies = (
			);
			name = MuscleRecommend;
			productName = MuscleRecommend;
			productReference = 6BEC8B9E25AB1F7D00A5C413 /* MuscleRecommend.app */;
			productType = "com.apple.product-type.application";
		};
		6BEC8BB325AB1F7E00A5C413 /* MuscleRecommendTests */ = {
			isa = PBXNativeTarget;
			buildConfigurationList = 6BEC8BCB25AB1F7E00A5C413 /* Build configuration list for PBXNativeTarget "MuscleRecommendTests" */;
			buildPhases = (
				6BEC8BB025AB1F7E00A5C413 /* Sources */,
				6BEC8BB125AB1F7E00A5C413 /* Frameworks */,
				6BEC8BB225AB1F7E00A5C413 /* Resources */,
			);
			buildRules = (
			);
			dependencies = (
				6BEC8BB625AB1F7E00A5C413 /* PBXTargetDependency */,
			);
			name = MuscleRecommendTests;
			productName = MuscleRecommendTests;
			productReference = 6BEC8BB425AB1F7E00A5C413 /* MuscleRecommendTests.xctest */;
			productType = "com.apple.product-type.bundle.unit-test";
		};
		6BEC8BBE25AB1F7E00A5C413 /* MuscleRecommendUITests */ = {
			isa = PBXNativeTarget;
			buildConfigurationList = 6BEC8BCE25AB1F7E00A5C413 /* Build configuration list for PBXNativeTarget "MuscleRecommendUITests" */;
			buildPhases = (
				6BEC8BBB25AB1F7E00A5C413 /* Sources */,
				6BEC8BBC25AB1F7E00A5C413 /* Frameworks */,
				6BEC8BBD25AB1F7E00A5C413 /* Resources */,
			);
			buildRules = (
			);
			dependencies = (
				6BEC8BC125AB1F7E00A5C413 /* PBXTargetDependency */,
			);
			name = MuscleRecommendUITests;
			productName = MuscleRecommendUITests;
			productReference = 6BEC8BBF25AB1F7E00A5C413 /* MuscleRecommendUITests.xctest */;
			productType = "com.apple.product-type.bundle.ui-testing";
		};
/* End PBXNativeTarget section */

/* Begin PBXProject section */
		6BEC8B9625AB1F7D00A5C413 /* Project object */ = {
			isa = PBXProject;
			attributes = {
				LastSwiftUpdateCheck = 1200;
				LastUpgradeCheck = 1200;
				TargetAttributes = {
					6BEC8B9D25AB1F7D00A5C413 = {
						CreatedOnToolsVersion = 12.0;
					};
					6BEC8BB325AB1F7E00A5C413 = {
						CreatedOnToolsVersion = 12.0;
						TestTargetID = 6BEC8B9D25AB1F7D00A5C413;
					};
					6BEC8BBE25AB1F7E00A5C413 = {
						CreatedOnToolsVersion = 12.0;
						TestTargetID = 6BEC8B9D25AB1F7D00A5C413;
					};
				};
			};
			buildConfigurationList = 6BEC8B9925AB1F7D00A5C413 /* Build configuration list for PBXProject "MuscleRecommend" */;
			compatibilityVersion = "Xcode 9.3";
			developmentRegion = en;
			hasScannedForEncodings = 0;
			knownRegions = (
				en,
				Base,
			);
			mainGroup = 6BEC8B9525AB1F7D00A5C413;
			productRefGroup = 6BEC8B9F25AB1F7D00A5C413 /* Products */;
			projectDirPath = "";
			projectRoot = "";
			targets = (
				6BEC8B9D25AB1F7D00A5C413 /* MuscleRecommend */,
				6BEC8BB325AB1F7E00A5C413 /* MuscleRecommendTests */,
				6BEC8BBE25AB1F7E00A5C413 /* MuscleRecommendUITests */,
			);
		};
/* End PBXProject section */

/* Begin PBXResourcesBuildPhase section */
		6BEC8B9C25AB1F7D00A5C413 /* Resources */ = {
			isa = PBXResourcesBuildPhase;
			buildActionMask = 2147483647;
			files = (
				6BE02EF625B32D2000589F15 /* ChatRoomTableViewCell.xib in Resources */,
				6BEC8BAE25AB1F7E00A5C413 /* LaunchScreen.storyboard in Resources */,
				6BEC8BAB25AB1F7E00A5C413 /* Assets.xcassets in Resources */,
				6BEC8BDD25AC555C00A5C413 /* ChatList.storyboard in Resources */,
				6BE02F0325B3FC8500589F15 /* ChatInputAccessoryView.xib in Resources */,
				6BE02EEC25B3241900589F15 /* ChatRoom.storyboard in Resources */,
			);
			runOnlyForDeploymentPostprocessing = 0;
		};
		6BEC8BB225AB1F7E00A5C413 /* Resources */ = {
			isa = PBXResourcesBuildPhase;
			buildActionMask = 2147483647;
			files = (
			);
			runOnlyForDeploymentPostprocessing = 0;
		};
		6BEC8BBD25AB1F7E00A5C413 /* Resources */ = {
			isa = PBXResourcesBuildPhase;
			buildActionMask = 2147483647;
			files = (
			);
			runOnlyForDeploymentPostprocessing = 0;
		};
/* End PBXResourcesBuildPhase section */

/* Begin PBXSourcesBuildPhase section */
		6BEC8B9A25AB1F7D00A5C413 /* Sources */ = {
			isa = PBXSourcesBuildPhase;
			buildActionMask = 2147483647;
			files = (
				6BEC8BA225AB1F7D00A5C413 /* AppDelegate.swift in Sources */,
				6BE02F0B25B3FEB300589F15 /* ChatInputAccessoryView.swift in Sources */,
				6B3BA21425B31B5100A130D4 /* UIColor-Extension.swift in Sources */,
				6BE02EF125B324A200589F15 /* ChatRoomViewController.swift in Sources */,
				6BEC8BE225AC58ED00A5C413 /* ChatListViewController.swift in Sources */,
				6BE02EFB25B32E7E00589F15 /* ChatRoomTableViewCell.swift in Sources */,
				6BEC8BA425AB1F7D00A5C413 /* SceneDelegate.swift in Sources */,
			);
			runOnlyForDeploymentPostprocessing = 0;
		};
		6BEC8BB025AB1F7E00A5C413 /* Sources */ = {
			isa = PBXSourcesBuildPhase;
			buildActionMask = 2147483647;
			files = (
				6BEC8BB925AB1F7E00A5C413 /* MuscleRecommendTests.swift in Sources */,
			);
			runOnlyForDeploymentPostprocessing = 0;
		};
		6BEC8BBB25AB1F7E00A5C413 /* Sources */ = {
			isa = PBXSourcesBuildPhase;
			buildActionMask = 2147483647;
			files = (
				6BEC8BC425AB1F7E00A5C413 /* MuscleRecommendUITests.swift in Sources */,
			);
			runOnlyForDeploymentPostprocessing = 0;
		};
/* End PBXSourcesBuildPhase section */

/* Begin PBXTargetDependency section */
		6BEC8BB625AB1F7E00A5C413 /* PBXTargetDependency */ = {
			isa = PBXTargetDependency;
			target = 6BEC8B9D25AB1F7D00A5C413 /* MuscleRecommend */;
			targetProxy = 6BEC8BB525AB1F7E00A5C413 /* PBXContainerItemProxy */;
		};
		6BEC8BC125AB1F7E00A5C413 /* PBXTargetDependency */ = {
			isa = PBXTargetDependency;
			target = 6BEC8B9D25AB1F7D00A5C413 /* MuscleRecommend */;
			targetProxy = 6BEC8BC025AB1F7E00A5C413 /* PBXContainerItemProxy */;
		};
/* End PBXTargetDependency section */

/* Begin PBXVariantGroup section */
		6BEC8BAC25AB1F7E00A5C413 /* LaunchScreen.storyboard */ = {
			isa = PBXVariantGroup;
			children = (
				6BEC8BAD25AB1F7E00A5C413 /* Base */,
			);
			name = LaunchScreen.storyboard;
			sourceTree = "<group>";
		};
/* End PBXVariantGroup section */

/* Begin XCBuildConfiguration section */
		6BEC8BC625AB1F7E00A5C413 /* Debug */ = {
			isa = XCBuildConfiguration;
			buildSettings = {
				ALWAYS_SEARCH_USER_PATHS = NO;
				CLANG_ANALYZER_NONNULL = YES;
				CLANG_ANALYZER_NUMBER_OBJECT_CONVERSION = YES_AGGRESSIVE;
				CLANG_CXX_LANGUAGE_STANDARD = "gnu++14";
				CLANG_CXX_LIBRARY = "libc++";
				CLANG_ENABLE_MODULES = YES;
				CLANG_ENABLE_OBJC_ARC = YES;
				CLANG_ENABLE_OBJC_WEAK = YES;
				CLANG_WARN_BLOCK_CAPTURE_AUTORELEASING = YES;
				CLANG_WARN_BOOL_CONVERSION = YES;
				CLANG_WARN_COMMA = YES;
				CLANG_WARN_CONSTANT_CONVERSION = YES;
				CLANG_WARN_DEPRECATED_OBJC_IMPLEMENTATIONS = YES;
				CLANG_WARN_DIRECT_OBJC_ISA_USAGE = YES_ERROR;
				CLANG_WARN_DOCUMENTATION_COMMENTS = YES;
				CLANG_WARN_EMPTY_BODY = YES;
				CLANG_WARN_ENUM_CONVERSION = YES;
				CLANG_WARN_INFINITE_RECURSION = YES;
				CLANG_WARN_INT_CONVERSION = YES;
				CLANG_WARN_NON_LITERAL_NULL_CONVERSION = YES;
				CLANG_WARN_OBJC_IMPLICIT_RETAIN_SELF = YES;
				CLANG_WARN_OBJC_LITERAL_CONVERSION = YES;
				CLANG_WARN_OBJC_ROOT_CLASS = YES_ERROR;
				CLANG_WARN_QUOTED_INCLUDE_IN_FRAMEWORK_HEADER = YES;
				CLANG_WARN_RANGE_LOOP_ANALYSIS = YES;
				CLANG_WARN_STRICT_PROTOTYPES = YES;
				CLANG_WARN_SUSPICIOUS_MOVE = YES;
				CLANG_WARN_UNGUARDED_AVAILABILITY = YES_AGGRESSIVE;
				CLANG_WARN_UNREACHABLE_CODE = YES;
				CLANG_WARN__DUPLICATE_METHOD_MATCH = YES;
				COPY_PHASE_STRIP = NO;
				DEBUG_INFORMATION_FORMAT = dwarf;
				ENABLE_STRICT_OBJC_MSGSEND = YES;
				ENABLE_TESTABILITY = YES;
				GCC_C_LANGUAGE_STANDARD = gnu11;
				GCC_DYNAMIC_NO_PIC = NO;
				GCC_NO_COMMON_BLOCKS = YES;
				GCC_OPTIMIZATION_LEVEL = 0;
				GCC_PREPROCESSOR_DEFINITIONS = (
					"DEBUG=1",
					"$(inherited)",
				);
				GCC_WARN_64_TO_32_BIT_CONVERSION = YES;
				GCC_WARN_ABOUT_RETURN_TYPE = YES_ERROR;
				GCC_WARN_UNDECLARED_SELECTOR = YES;
				GCC_WARN_UNINITIALIZED_AUTOS = YES_AGGRESSIVE;
				GCC_WARN_UNUSED_FUNCTION = YES;
				GCC_WARN_UNUSED_VARIABLE = YES;
				IPHONEOS_DEPLOYMENT_TARGET = 14.0;
				MTL_ENABLE_DEBUG_INFO = INCLUDE_SOURCE;
				MTL_FAST_MATH = YES;
				ONLY_ACTIVE_ARCH = YES;
				SDKROOT = iphoneos;
				SWIFT_ACTIVE_COMPILATION_CONDITIONS = DEBUG;
				SWIFT_OPTIMIZATION_LEVEL = "-Onone";
			};
			name = Debug;
		};
		6BEC8BC725AB1F7E00A5C413 /* Release */ = {
			isa = XCBuildConfiguration;
			buildSettings = {
				ALWAYS_SEARCH_USER_PATHS = NO;
				CLANG_ANALYZER_NONNULL = YES;
				CLANG_ANALYZER_NUMBER_OBJECT_CONVERSION = YES_AGGRESSIVE;
				CLANG_CXX_LANGUAGE_STANDARD = "gnu++14";
				CLANG_CXX_LIBRARY = "libc++";
				CLANG_ENABLE_MODULES = YES;
				CLANG_ENABLE_OBJC_ARC = YES;
				CLANG_ENABLE_OBJC_WEAK = YES;
				CLANG_WARN_BLOCK_CAPTURE_AUTORELEASING = YES;
				CLANG_WARN_BOOL_CONVERSION = YES;
				CLANG_WARN_COMMA = YES;
				CLANG_WARN_CONSTANT_CONVERSION = YES;
				CLANG_WARN_DEPRECATED_OBJC_IMPLEMENTATIONS = YES;
				CLANG_WARN_DIRECT_OBJC_ISA_USAGE = YES_ERROR;
				CLANG_WARN_DOCUMENTATION_COMMENTS = YES;
				CLANG_WARN_EMPTY_BODY = YES;
				CLANG_WARN_ENUM_CONVERSION = YES;
				CLANG_WARN_INFINITE_RECURSION = YES;
				CLANG_WARN_INT_CONVERSION = YES;
				CLANG_WARN_NON_LITERAL_NULL_CONVERSION = YES;
				CLANG_WARN_OBJC_IMPLICIT_RETAIN_SELF = YES;
				CLANG_WARN_OBJC_LITERAL_CONVERSION = YES;
				CLANG_WARN_OBJC_ROOT_CLASS = YES_ERROR;
				CLANG_WARN_QUOTED_INCLUDE_IN_FRAMEWORK_HEADER = YES;
				CLANG_WARN_RANGE_LOOP_ANALYSIS = YES;
				CLANG_WARN_STRICT_PROTOTYPES = YES;
				CLANG_WARN_SUSPICIOUS_MOVE = YES;
				CLANG_WARN_UNGUARDED_AVAILABILITY = YES_AGGRESSIVE;
				CLANG_WARN_UNREACHABLE_CODE = YES;
				CLANG_WARN__DUPLICATE_METHOD_MATCH = YES;
				COPY_PHASE_STRIP = NO;
				DEBUG_INFORMATION_FORMAT = "dwarf-with-dsym";
				ENABLE_NS_ASSERTIONS = NO;
				ENABLE_STRICT_OBJC_MSGSEND = YES;
				GCC_C_LANGUAGE_STANDARD = gnu11;
				GCC_NO_COMMON_BLOCKS = YES;
				GCC_WARN_64_TO_32_BIT_CONVERSION = YES;
				GCC_WARN_ABOUT_RETURN_TYPE = YES_ERROR;
				GCC_WARN_UNDECLARED_SELECTOR = YES;
				GCC_WARN_UNINITIALIZED_AUTOS = YES_AGGRESSIVE;
				GCC_WARN_UNUSED_FUNCTION = YES;
				GCC_WARN_UNUSED_VARIABLE = YES;
				IPHONEOS_DEPLOYMENT_TARGET = 14.0;
				MTL_ENABLE_DEBUG_INFO = NO;
				MTL_FAST_MATH = YES;
				SDKROOT = iphoneos;
				SWIFT_COMPILATION_MODE = wholemodule;
				SWIFT_OPTIMIZATION_LEVEL = "-O";
				VALIDATE_PRODUCT = YES;
			};
			name = Release;
		};
		6BEC8BC925AB1F7E00A5C413 /* Debug */ = {
			isa = XCBuildConfiguration;
			buildSettings = {
				ASSETCATALOG_COMPILER_APPICON_NAME = AppIcon;
				ASSETCATALOG_COMPILER_GLOBAL_ACCENT_COLOR_NAME = AccentColor;
				CODE_SIGN_STYLE = Automatic;
				DEVELOPMENT_TEAM = L6CD882LCX;
				INFOPLIST_FILE = MuscleRecommend/Info.plist;
				LD_RUNPATH_SEARCH_PATHS = (
					"$(inherited)",
					"@executable_path/Frameworks",
				);
				PRODUCT_BUNDLE_IDENTIFIER = geckoyamori.MuscleRecommend;
				PRODUCT_NAME = "$(TARGET_NAME)";
				SWIFT_VERSION = 5.0;
				TARGETED_DEVICE_FAMILY = "1,2";
			};
			name = Debug;
		};
		6BEC8BCA25AB1F7E00A5C413 /* Release */ = {
			isa = XCBuildConfiguration;
			buildSettings = {
				ASSETCATALOG_COMPILER_APPICON_NAME = AppIcon;
				ASSETCATALOG_COMPILER_GLOBAL_ACCENT_COLOR_NAME = AccentColor;
				CODE_SIGN_STYLE = Automatic;
				DEVELOPMENT_TEAM = L6CD882LCX;
				INFOPLIST_FILE = MuscleRecommend/Info.plist;
				LD_RUNPATH_SEARCH_PATHS = (
					"$(inherited)",
					"@executable_path/Frameworks",
				);
				PRODUCT_BUNDLE_IDENTIFIER = geckoyamori.MuscleRecommend;
				PRODUCT_NAME = "$(TARGET_NAME)";
				SWIFT_VERSION = 5.0;
				TARGETED_DEVICE_FAMILY = "1,2";
			};
			name = Release;
		};
		6BEC8BCC25AB1F7E00A5C413 /* Debug */ = {
			isa = XCBuildConfiguration;
			buildSettings = {
				ALWAYS_EMBED_SWIFT_STANDARD_LIBRARIES = YES;
				BUNDLE_LOADER = "$(TEST_HOST)";
				CODE_SIGN_STYLE = Automatic;
				DEVELOPMENT_TEAM = L6CD882LCX;
				INFOPLIST_FILE = MuscleRecommendTests/Info.plist;
				IPHONEOS_DEPLOYMENT_TARGET = 14.0;
				LD_RUNPATH_SEARCH_PATHS = (
					"$(inherited)",
					"@executable_path/Frameworks",
					"@loader_path/Frameworks",
				);
				PRODUCT_BUNDLE_IDENTIFIER = geckoyamori.MuscleRecommendTests;
				PRODUCT_NAME = "$(TARGET_NAME)";
				SWIFT_VERSION = 5.0;
				TARGETED_DEVICE_FAMILY = "1,2";
				TEST_HOST = "$(BUILT_PRODUCTS_DIR)/MuscleRecommend.app/MuscleRecommend";
			};
			name = Debug;
		};
		6BEC8BCD25AB1F7E00A5C413 /* Release */ = {
			isa = XCBuildConfiguration;
			buildSettings = {
				ALWAYS_EMBED_SWIFT_STANDARD_LIBRARIES = YES;
				BUNDLE_LOADER = "$(TEST_HOST)";
				CODE_SIGN_STYLE = Automatic;
				DEVELOPMENT_TEAM = L6CD882LCX;
				INFOPLIST_FILE = MuscleRecommendTests/Info.plist;
				IPHONEOS_DEPLOYMENT_TARGET = 14.0;
				LD_RUNPATH_SEARCH_PATHS = (
					"$(inherited)",
					"@executable_path/Frameworks",
					"@loader_path/Frameworks",
				);
				PRODUCT_BUNDLE_IDENTIFIER = geckoyamori.MuscleRecommendTests;
				PRODUCT_NAME = "$(TARGET_NAME)";
				SWIFT_VERSION = 5.0;
				TARGETED_DEVICE_FAMILY = "1,2";
				TEST_HOST = "$(BUILT_PRODUCTS_DIR)/MuscleRecommend.app/MuscleRecommend";
			};
			name = Release;
		};
		6BEC8BCF25AB1F7E00A5C413 /* Debug */ = {
			isa = XCBuildConfiguration;
			buildSettings = {
				ALWAYS_EMBED_SWIFT_STANDARD_LIBRARIES = YES;
				CODE_SIGN_STYLE = Automatic;
				DEVELOPMENT_TEAM = L6CD882LCX;
				INFOPLIST_FILE = MuscleRecommendUITests/Info.plist;
				LD_RUNPATH_SEARCH_PATHS = (
					"$(inherited)",
					"@executable_path/Frameworks",
					"@loader_path/Frameworks",
				);
				PRODUCT_BUNDLE_IDENTIFIER = geckoyamori.MuscleRecommendUITests;
				PRODUCT_NAME = "$(TARGET_NAME)";
				SWIFT_VERSION = 5.0;
				TARGETED_DEVICE_FAMILY = "1,2";
				TEST_TARGET_NAME = MuscleRecommend;
			};
			name = Debug;
		};
		6BEC8BD025AB1F7E00A5C413 /* Release */ = {
			isa = XCBuildConfiguration;
			buildSettings = {
				ALWAYS_EMBED_SWIFT_STANDARD_LIBRARIES = YES;
				CODE_SIGN_STYLE = Automatic;
				DEVELOPMENT_TEAM = L6CD882LCX;
				INFOPLIST_FILE = MuscleRecommendUITests/Info.plist;
				LD_RUNPATH_SEARCH_PATHS = (
					"$(inherited)",
					"@executable_path/Frameworks",
					"@loader_path/Frameworks",
				);
				PRODUCT_BUNDLE_IDENTIFIER = geckoyamori.MuscleRecommendUITests;
				PRODUCT_NAME = "$(TARGET_NAME)";
				SWIFT_VERSION = 5.0;
				TARGETED_DEVICE_FAMILY = "1,2";
				TEST_TARGET_NAME = MuscleRecommend;
			};
			name = Release;
		};
/* End XCBuildConfiguration section */

/* Begin XCConfigurationList section */
		6BEC8B9925AB1F7D00A5C413 /* Build configuration list for PBXProject "MuscleRecommend" */ = {
			isa = XCConfigurationList;
			buildConfigurations = (
				6BEC8BC625AB1F7E00A5C413 /* Debug */,
				6BEC8BC725AB1F7E00A5C413 /* Release */,
			);
			defaultConfigurationIsVisible = 0;
			defaultConfigurationName = Release;
		};
		6BEC8BC825AB1F7E00A5C413 /* Build configuration list for PBXNativeTarget "MuscleRecommend" */ = {
			isa = XCConfigurationList;
			buildConfigurations = (
				6BEC8BC925AB1F7E00A5C413 /* Debug */,
				6BEC8BCA25AB1F7E00A5C413 /* Release */,
			);
			defaultConfigurationIsVisible = 0;
			defaultConfigurationName = Release;
		};
		6BEC8BCB25AB1F7E00A5C413 /* Build configuration list for PBXNativeTarget "MuscleRecommendTests" */ = {
			isa = XCConfigurationList;
			buildConfigurations = (
				6BEC8BCC25AB1F7E00A5C413 /* Debug */,
				6BEC8BCD25AB1F7E00A5C413 /* Release */,
			);
			defaultConfigurationIsVisible = 0;
			defaultConfigurationName = Release;
		};
		6BEC8BCE25AB1F7E00A5C413 /* Build configuration list for PBXNativeTarget "MuscleRecommendUITests" */ = {
			isa = XCConfigurationList;
			buildConfigurations = (
				6BEC8BCF25AB1F7E00A5C413 /* Debug */,
				6BEC8BD025AB1F7E00A5C413 /* Release */,
			);
			defaultConfigurationIsVisible = 0;
			defaultConfigurationName = Release;
		};
/* End XCConfigurationList section */
	};
	rootObject = 6BEC8B9625AB1F7D00A5C413 /* Project object */;
}
