// !$*UTF8*$!
{
	archiveVersion = 1;
	classes = {
	};
	objectVersion = 51;
	objects = {

/* Begin PBXBuildFile section */
		6B3DB688262C6CBD0045341E /* MuscleRecordHistoryViewController.swift in Sources */ = {isa = PBXBuildFile; fileRef = 6B3DB687262C6CBD0045341E /* MuscleRecordHistoryViewController.swift */; };
		6B3DB690262C6CC80045341E /* MuscleRecordHistory.storyboard in Resources */ = {isa = PBXBuildFile; fileRef = 6B3DB68F262C6CC80045341E /* MuscleRecordHistory.storyboard */; };
		6B68B6D22635B01B000D7ACC /* MuscleMenuData.swift in Sources */ = {isa = PBXBuildFile; fileRef = 6B68B6D12635B01B000D7ACC /* MuscleMenuData.swift */; };
		6B68B6E2264272DE000D7ACC /* MuscleStrengthRecommendView.swift in Sources */ = {isa = PBXBuildFile; fileRef = 6B68B6E1264272DE000D7ACC /* MuscleStrengthRecommendView.swift */; };
		6B68B6E726427304000D7ACC /* MuscleStrengthRecommendView.xib in Resources */ = {isa = PBXBuildFile; fileRef = 6B68B6E626427304000D7ACC /* MuscleStrengthRecommendView.xib */; };
		6B68B6F326429715000D7ACC /* UIColor.swift in Sources */ = {isa = PBXBuildFile; fileRef = 6B68B6F226429715000D7ACC /* UIColor.swift */; };
		6B68B7002642F4CE000D7ACC /* Date.swift in Sources */ = {isa = PBXBuildFile; fileRef = 6B68B6FF2642F4CE000D7ACC /* Date.swift */; };
		6BEC8BA225AB1F7D00A5C413 /* AppDelegate.swift in Sources */ = {isa = PBXBuildFile; fileRef = 6BEC8BA125AB1F7D00A5C413 /* AppDelegate.swift */; };
		6BEC8BA425AB1F7D00A5C413 /* SceneDelegate.swift in Sources */ = {isa = PBXBuildFile; fileRef = 6BEC8BA325AB1F7D00A5C413 /* SceneDelegate.swift */; };
		6BEC8BA625AB1F7D00A5C413 /* MuscleMenuViewController.swift in Sources */ = {isa = PBXBuildFile; fileRef = 6BEC8BA525AB1F7D00A5C413 /* MuscleMenuViewController.swift */; };
		6BEC8BA925AB1F7D00A5C413 /* MuscleMenu.storyboard in Resources */ = {isa = PBXBuildFile; fileRef = 6BEC8BA725AB1F7D00A5C413 /* MuscleMenu.storyboard */; };
		6BEC8BAB25AB1F7E00A5C413 /* Assets.xcassets in Resources */ = {isa = PBXBuildFile; fileRef = 6BEC8BAA25AB1F7E00A5C413 /* Assets.xcassets */; };
		6BEC8BAE25AB1F7E00A5C413 /* LaunchScreen.storyboard in Resources */ = {isa = PBXBuildFile; fileRef = 6BEC8BAC25AB1F7E00A5C413 /* LaunchScreen.storyboard */; };
		6BEC8BB925AB1F7E00A5C413 /* MuscleRecommendTests.swift in Sources */ = {isa = PBXBuildFile; fileRef = 6BEC8BB825AB1F7E00A5C413 /* MuscleRecommendTests.swift */; };
		6BEC8BC425AB1F7E00A5C413 /* MuscleRecommendUITests.swift in Sources */ = {isa = PBXBuildFile; fileRef = 6BEC8BC325AB1F7E00A5C413 /* MuscleRecommendUITests.swift */; };
		72E8304CD30885E97A590C61 /* Pods_MuscleRecommendTests.framework in Frameworks */ = {isa = PBXBuildFile; fileRef = 572C7168F94E77896E4C2CA8 /* Pods_MuscleRecommendTests.framework */; };
		7DF7C59F87000C85F686A060 /* Pods_MuscleRecommend_MuscleRecommendUITests.framework in Frameworks */ = {isa = PBXBuildFile; fileRef = E65E726A59EC4A67AC044A42 /* Pods_MuscleRecommend_MuscleRecommendUITests.framework */; };
		BEDF244816EE4A3F636401EA /* Pods_MuscleRecommend.framework in Frameworks */ = {isa = PBXBuildFile; fileRef = F578AF6EEBE4834C4447B701 /* Pods_MuscleRecommend.framework */; };
/* End PBXBuildFile section */

/* Begin PBXContainerItemProxy section */
		6BEC8BB525AB1F7E00A5C413 /* PBXContainerItemProxy */ = {
			isa = PBXContainerItemProxy;
			containerPortal = 6BEC8B9625AB1F7D00A5C413 /* Project object */;
			proxyType = 1;
			remoteGlobalIDString = 6BEC8B9D25AB1F7D00A5C413;
			remoteInfo = MuscleRecommend;
		};
		6BEC8BC025AB1F7E00A5C413 /* PBXContainerItemProxy */ = {
			isa = PBXContainerItemProxy;
			containerPortal = 6BEC8B9625AB1F7D00A5C413 /* Project object */;
			proxyType = 1;
			remoteGlobalIDString = 6BEC8B9D25AB1F7D00A5C413;
			remoteInfo = MuscleRecommend;
		};
/* End PBXContainerItemProxy section */

/* Begin PBXFileReference section */
		3324D553A12E8ED746DD7427 /* Pods-MuscleRecommendTests.debug.xcconfig */ = {isa = PBXFileReference; includeInIndex = 1; lastKnownFileType = text.xcconfig; name = "Pods-MuscleRecommendTests.debug.xcconfig"; path = "Target Support Files/Pods-MuscleRecommendTests/Pods-MuscleRecommendTests.debug.xcconfig"; sourceTree = "<group>"; };
		4946AE49AE1301AA186A5750 /* Pods-MuscleRecommendTests.release.xcconfig */ = {isa = PBXFileReference; includeInIndex = 1; lastKnownFileType = text.xcconfig; name = "Pods-MuscleRecommendTests.release.xcconfig"; path = "Target Support Files/Pods-MuscleRecommendTests/Pods-MuscleRecommendTests.release.xcconfig"; sourceTree = "<group>"; };
		572C7168F94E77896E4C2CA8 /* Pods_MuscleRecommendTests.framework */ = {isa = PBXFileReference; explicitFileType = wrapper.framework; includeInIndex = 0; path = Pods_MuscleRecommendTests.framework; sourceTree = BUILT_PRODUCTS_DIR; };
		5A34EC7BCA62911B142E95DC /* Pods-MuscleRecommend-MuscleRecommendUITests.release.xcconfig */ = {isa = PBXFileReference; includeInIndex = 1; lastKnownFileType = text.xcconfig; name = "Pods-MuscleRecommend-MuscleRecommendUITests.release.xcconfig"; path = "Target Support Files/Pods-MuscleRecommend-MuscleRecommendUITests/Pods-MuscleRecommend-MuscleRecommendUITests.release.xcconfig"; sourceTree = "<group>"; };
		6B3DB687262C6CBD0045341E /* MuscleRecordHistoryViewController.swift */ = {isa = PBXFileReference; lastKnownFileType = sourcecode.swift; path = MuscleRecordHistoryViewController.swift; sourceTree = "<group>"; };
		6B3DB68F262C6CC80045341E /* MuscleRecordHistory.storyboard */ = {isa = PBXFileReference; lastKnownFileType = file.storyboard; path = MuscleRecordHistory.storyboard; sourceTree = "<group>"; };
		6B68B6D12635B01B000D7ACC /* MuscleMenuData.swift */ = {isa = PBXFileReference; lastKnownFileType = sourcecode.swift; path = MuscleMenuData.swift; sourceTree = "<group>"; };
		6B68B6E1264272DE000D7ACC /* MuscleStrengthRecommendView.swift */ = {isa = PBXFileReference; lastKnownFileType = sourcecode.swift; path = MuscleStrengthRecommendView.swift; sourceTree = "<group>"; };
		6B68B6E626427304000D7ACC /* MuscleStrengthRecommendView.xib */ = {isa = PBXFileReference; lastKnownFileType = file.xib; path = MuscleStrengthRecommendView.xib; sourceTree = "<group>"; };
		6B68B6F226429715000D7ACC /* UIColor.swift */ = {isa = PBXFileReference; lastKnownFileType = sourcecode.swift; path = UIColor.swift; sourceTree = "<group>"; };
		6B68B6FF2642F4CE000D7ACC /* Date.swift */ = {isa = PBXFileReference; lastKnownFileType = sourcecode.swift; path = Date.swift; sourceTree = "<group>"; };
		6BEC8B9E25AB1F7D00A5C413 /* MuscleRecommend.app */ = {isa = PBXFileReference; explicitFileType = wrapper.application; includeInIndex = 0; path = MuscleRecommend.app; sourceTree = BUILT_PRODUCTS_DIR; };
		6BEC8BA125AB1F7D00A5C413 /* AppDelegate.swift */ = {isa = PBXFileReference; lastKnownFileType = sourcecode.swift; path = AppDelegate.swift; sourceTree = "<group>"; };
		6BEC8BA325AB1F7D00A5C413 /* SceneDelegate.swift */ = {isa = PBXFileReference; lastKnownFileType = sourcecode.swift; path = SceneDelegate.swift; sourceTree = "<group>"; };
		6BEC8BA525AB1F7D00A5C413 /* MuscleMenuViewController.swift */ = {isa = PBXFileReference; lastKnownFileType = sourcecode.swift; path = MuscleMenuViewController.swift; sourceTree = "<group>"; };
		6BEC8BA825AB1F7D00A5C413 /* Base */ = {isa = PBXFileReference; lastKnownFileType = file.storyboard; name = Base; path = Base.lproj/MuscleMenu.storyboard; sourceTree = "<group>"; };
		6BEC8BAA25AB1F7E00A5C413 /* Assets.xcassets */ = {isa = PBXFileReference; lastKnownFileType = folder.assetcatalog; path = Assets.xcassets; sourceTree = "<group>"; };
		6BEC8BAD25AB1F7E00A5C413 /* Base */ = {isa = PBXFileReference; lastKnownFileType = file.storyboard; name = Base; path = Base.lproj/LaunchScreen.storyboard; sourceTree = "<group>"; };
		6BEC8BAF25AB1F7E00A5C413 /* Info.plist */ = {isa = PBXFileReference; lastKnownFileType = text.plist.xml; path = Info.plist; sourceTree = "<group>"; };
		6BEC8BB425AB1F7E00A5C413 /* MuscleRecommendTests.xctest */ = {isa = PBXFileReference; explicitFileType = wrapper.cfbundle; includeInIndex = 0; path = MuscleRecommendTests.xctest; sourceTree = BUILT_PRODUCTS_DIR; };
		6BEC8BB825AB1F7E00A5C413 /* MuscleRecommendTests.swift */ = {isa = PBXFileReference; lastKnownFileType = sourcecode.swift; path = MuscleRecommendTests.swift; sourceTree = "<group>"; };
		6BEC8BBA25AB1F7E00A5C413 /* Info.plist */ = {isa = PBXFileReference; lastKnownFileType = text.plist.xml; path = Info.plist; sourceTree = "<group>"; };
		6BEC8BBF25AB1F7E00A5C413 /* MuscleRecommendUITests.xctest */ = {isa = PBXFileReference; explicitFileType = wrapper.cfbundle; includeInIndex = 0; path = MuscleRecommendUITests.xctest; sourceTree = BUILT_PRODUCTS_DIR; };
		6BEC8BC325AB1F7E00A5C413 /* MuscleRecommendUITests.swift */ = {isa = PBXFileReference; lastKnownFileType = sourcecode.swift; path = MuscleRecommendUITests.swift; sourceTree = "<group>"; };
		6BEC8BC525AB1F7E00A5C413 /* Info.plist */ = {isa = PBXFileReference; lastKnownFileType = text.plist.xml; path = Info.plist; sourceTree = "<group>"; };
		9B96C7861118630908F9E47A /* Pods-MuscleRecommend.release.xcconfig */ = {isa = PBXFileReference; includeInIndex = 1; lastKnownFileType = text.xcconfig; name = "Pods-MuscleRecommend.release.xcconfig"; path = "Target Support Files/Pods-MuscleRecommend/Pods-MuscleRecommend.release.xcconfig"; sourceTree = "<group>"; };
		E57FD38A655FB366A677EED0 /* Pods-MuscleRecommend.debug.xcconfig */ = {isa = PBXFileReference; includeInIndex = 1; lastKnownFileType = text.xcconfig; name = "Pods-MuscleRecommend.debug.xcconfig"; path = "Target Support Files/Pods-MuscleRecommend/Pods-MuscleRecommend.debug.xcconfig"; sourceTree = "<group>"; };
		E65E726A59EC4A67AC044A42 /* Pods_MuscleRecommend_MuscleRecommendUITests.framework */ = {isa = PBXFileReference; explicitFileType = wrapper.framework; includeInIndex = 0; path = Pods_MuscleRecommend_MuscleRecommendUITests.framework; sourceTree = BUILT_PRODUCTS_DIR; };
		EFDBF85F8D783E99EC450C7D /* Pods-MuscleRecommend-MuscleRecommendUITests.debug.xcconfig */ = {isa = PBXFileReference; includeInIndex = 1; lastKnownFileType = text.xcconfig; name = "Pods-MuscleRecommend-MuscleRecommendUITests.debug.xcconfig"; path = "Target Support Files/Pods-MuscleRecommend-MuscleRecommendUITests/Pods-MuscleRecommend-MuscleRecommendUITests.debug.xcconfig"; sourceTree = "<group>"; };
		F578AF6EEBE4834C4447B701 /* Pods_MuscleRecommend.framework */ = {isa = PBXFileReference; explicitFileType = wrapper.framework; includeInIndex = 0; path = Pods_MuscleRecommend.framework; sourceTree = BUILT_PRODUCTS_DIR; };
/* End PBXFileReference section */

/* Begin PBXFrameworksBuildPhase section */
		6BEC8B9B25AB1F7D00A5C413 /* Frameworks */ = {
			isa = PBXFrameworksBuildPhase;
			buildActionMask = 2147483647;
			files = (
				BEDF244816EE4A3F636401EA /* Pods_MuscleRecommend.framework in Frameworks */,
			);
			runOnlyForDeploymentPostprocessing = 0;
		};
		6BEC8BB125AB1F7E00A5C413 /* Frameworks */ = {
			isa = PBXFrameworksBuildPhase;
			buildActionMask = 2147483647;
			files = (
				72E8304CD30885E97A590C61 /* Pods_MuscleRecommendTests.framework in Frameworks */,
			);
			runOnlyForDeploymentPostprocessing = 0;
		};
		6BEC8BBC25AB1F7E00A5C413 /* Frameworks */ = {
			isa = PBXFrameworksBuildPhase;
			buildActionMask = 2147483647;
			files = (
				7DF7C59F87000C85F686A060 /* Pods_MuscleRecommend_MuscleRecommendUITests.framework in Frameworks */,
			);
			runOnlyForDeploymentPostprocessing = 0;
		};
/* End PBXFrameworksBuildPhase section */

/* Begin PBXGroup section */
		51429D6C70DAEE1F1DA3D742 /* Frameworks */ = {
			isa = PBXGroup;
			children = (
				F578AF6EEBE4834C4447B701 /* Pods_MuscleRecommend.framework */,
				E65E726A59EC4A67AC044A42 /* Pods_MuscleRecommend_MuscleRecommendUITests.framework */,
				572C7168F94E77896E4C2CA8 /* Pods_MuscleRecommendTests.framework */,
			);
			name = Frameworks;
			sourceTree = "<group>";
		};
		661310C26D0BDA01B0EE4734 /* Pods */ = {
			isa = PBXGroup;
			children = (
				E57FD38A655FB366A677EED0 /* Pods-MuscleRecommend.debug.xcconfig */,
				9B96C7861118630908F9E47A /* Pods-MuscleRecommend.release.xcconfig */,
				EFDBF85F8D783E99EC450C7D /* Pods-MuscleRecommend-MuscleRecommendUITests.debug.xcconfig */,
				5A34EC7BCA62911B142E95DC /* Pods-MuscleRecommend-MuscleRecommendUITests.release.xcconfig */,
				3324D553A12E8ED746DD7427 /* Pods-MuscleRecommendTests.debug.xcconfig */,
				4946AE49AE1301AA186A5750 /* Pods-MuscleRecommendTests.release.xcconfig */,
			);
			path = Pods;
			sourceTree = "<group>";
		};
		6B3DB686262C6C860045341E /* MuscleRecordHistory */ = {
			isa = PBXGroup;
			children = (
				6B3DB687262C6CBD0045341E /* MuscleRecordHistoryViewController.swift */,
				6B3DB68F262C6CC80045341E /* MuscleRecordHistory.storyboard */,
				6B68B6E1264272DE000D7ACC /* MuscleStrengthRecommendView.swift */,
				6B68B6E626427304000D7ACC /* MuscleStrengthRecommendView.xib */,
			);
			path = MuscleRecordHistory;
			sourceTree = "<group>";
		};
		6B68B6D02635AFE3000D7ACC /* DataDefinition */ = {
			isa = PBXGroup;
			children = (
				6B68B6D12635B01B000D7ACC /* MuscleMenuData.swift */,
			);
			path = DataDefinition;
			sourceTree = "<group>";
		};
		6B68B6F1264296C0000D7ACC /* Properties */ = {
			isa = PBXGroup;
			children = (
				6B68B6F226429715000D7ACC /* UIColor.swift */,
				6B68B6FF2642F4CE000D7ACC /* Date.swift */,
			);
			path = Properties;
			sourceTree = "<group>";
		};
		6BC067DB2622C162005A1829 /* Scene */ = {
			isa = PBXGroup;
			children = (
				6B3DB686262C6C860045341E /* MuscleRecordHistory */,
				6BC067DC2622C17A005A1829 /* Main */,
			);
			path = Scene;
			sourceTree = "<group>";
		};
		6BC067DC2622C17A005A1829 /* Main */ = {
			isa = PBXGroup;
			children = (
				6BEC8BA525AB1F7D00A5C413 /* MuscleMenuViewController.swift */,
				6BEC8BA725AB1F7D00A5C413 /* MuscleMenu.storyboard */,
			);
			path = Main;
			sourceTree = "<group>";
		};
		6BEC8B9525AB1F7D00A5C413 = {
			isa = PBXGroup;
			children = (
				6BEC8BA025AB1F7D00A5C413 /* MuscleRecommend */,
				6BEC8BB725AB1F7E00A5C413 /* MuscleRecommendTests */,
				6BEC8BC225AB1F7E00A5C413 /* MuscleRecommendUITests */,
				6BEC8B9F25AB1F7D00A5C413 /* Products */,
				661310C26D0BDA01B0EE4734 /* Pods */,
				51429D6C70DAEE1F1DA3D742 /* Frameworks */,
			);
			sourceTree = "<group>";
		};
		6BEC8B9F25AB1F7D00A5C413 /* Products */ = {
			isa = PBXGroup;
			children = (
				6BEC8B9E25AB1F7D00A5C413 /* MuscleRecommend.app */,
				6BEC8BB425AB1F7E00A5C413 /* MuscleRecommendTests.xctest */,
				6BEC8BBF25AB1F7E00A5C413 /* MuscleRecommendUITests.xctest */,
			);
			name = Products;
			sourceTree = "<group>";
		};
		6BEC8BA025AB1F7D00A5C413 /* MuscleRecommend */ = {
			isa = PBXGroup;
			children = (
				6B68B6F1264296C0000D7ACC /* Properties */,
				6B68B6D02635AFE3000D7ACC /* DataDefinition */,
				6BC067DB2622C162005A1829 /* Scene */,
				6BEC8BA125AB1F7D00A5C413 /* AppDelegate.swift */,
				6BEC8BA325AB1F7D00A5C413 /* SceneDelegate.swift */,
				6BEC8BAA25AB1F7E00A5C413 /* Assets.xcassets */,
				6BEC8BAC25AB1F7E00A5C413 /* LaunchScreen.storyboard */,
				6BEC8BAF25AB1F7E00A5C413 /* Info.plist */,
			);
			path = MuscleRecommend;
			sourceTree = "<group>";
		};
		6BEC8BB725AB1F7E00A5C413 /* MuscleRecommendTests */ = {
			isa = PBXGroup;
			children = (
				6BEC8BB825AB1F7E00A5C413 /* MuscleRecommendTests.swift */,
				6BEC8BBA25AB1F7E00A5C413 /* Info.plist */,
			);
			path = MuscleRecommendTests;
			sourceTree = "<group>";
		};
		6BEC8BC225AB1F7E00A5C413 /* MuscleRecommendUITests */ = {
			isa = PBXGroup;
			children = (
				6BEC8BC325AB1F7E00A5C413 /* MuscleRecommendUITests.swift */,
				6BEC8BC525AB1F7E00A5C413 /* Info.plist */,
			);
			path = MuscleRecommendUITests;
			sourceTree = "<group>";
		};
/* End PBXGroup section */

/* Begin PBXNativeTarget section */
		6BEC8B9D25AB1F7D00A5C413 /* MuscleRecommend */ = {
			isa = PBXNativeTarget;
			buildConfigurationList = 6BEC8BC825AB1F7E00A5C413 /* Build configuration list for PBXNativeTarget "MuscleRecommend" */;
			buildPhases = (
				349C6F19D76A518A2FF59E7C /* [CP] Check Pods Manifest.lock */,
				6BEC8B9A25AB1F7D00A5C413 /* Sources */,
				6BEC8B9B25AB1F7D00A5C413 /* Frameworks */,
				6BEC8B9C25AB1F7D00A5C413 /* Resources */,
				0F2BE30548F6D04038289CD8 /* [CP] Embed Pods Frameworks */,
			);
			buildRules = (
			);
			dependencies = (
			);
			name = MuscleRecommend;
			productName = MuscleRecommend;
			productReference = 6BEC8B9E25AB1F7D00A5C413 /* MuscleRecommend.app */;
			productType = "com.apple.product-type.application";
		};
		6BEC8BB325AB1F7E00A5C413 /* MuscleRecommendTests */ = {
			isa = PBXNativeTarget;
			buildConfigurationList = 6BEC8BCB25AB1F7E00A5C413 /* Build configuration list for PBXNativeTarget "MuscleRecommendTests" */;
			buildPhases = (
				BC752A2CF2E7D5AD58FAE83B /* [CP] Check Pods Manifest.lock */,
				6BEC8BB025AB1F7E00A5C413 /* Sources */,
				6BEC8BB125AB1F7E00A5C413 /* Frameworks */,
				6BEC8BB225AB1F7E00A5C413 /* Resources */,
			);
			buildRules = (
			);
			dependencies = (
				6BEC8BB625AB1F7E00A5C413 /* PBXTargetDependency */,
			);
			name = MuscleRecommendTests;
			productName = MuscleRecommendTests;
			productReference = 6BEC8BB425AB1F7E00A5C413 /* MuscleRecommendTests.xctest */;
			productType = "com.apple.product-type.bundle.unit-test";
		};
		6BEC8BBE25AB1F7E00A5C413 /* MuscleRecommendUITests */ = {
			isa = PBXNativeTarget;
			buildConfigurationList = 6BEC8BCE25AB1F7E00A5C413 /* Build configuration list for PBXNativeTarget "MuscleRecommendUITests" */;
			buildPhases = (
				A0D6803F9F2B498DBAF2EFB3 /* [CP] Check Pods Manifest.lock */,
				6BEC8BBB25AB1F7E00A5C413 /* Sources */,
				6BEC8BBC25AB1F7E00A5C413 /* Frameworks */,
				6BEC8BBD25AB1F7E00A5C413 /* Resources */,
				18305DAA6685309228AD4425 /* [CP] Embed Pods Frameworks */,
			);
			buildRules = (
			);
			dependencies = (
				6BEC8BC125AB1F7E00A5C413 /* PBXTargetDependency */,
			);
			name = MuscleRecommendUITests;
			productName = MuscleRecommendUITests;
			productReference = 6BEC8BBF25AB1F7E00A5C413 /* MuscleRecommendUITests.xctest */;
			productType = "com.apple.product-type.bundle.ui-testing";
		};
/* End PBXNativeTarget section */

/* Begin PBXProject section */
		6BEC8B9625AB1F7D00A5C413 /* Project object */ = {
			isa = PBXProject;
			attributes = {
				LastSwiftUpdateCheck = 1200;
				LastUpgradeCheck = 1200;
				TargetAttributes = {
					6BEC8B9D25AB1F7D00A5C413 = {
						CreatedOnToolsVersion = 12.0;
					};
					6BEC8BB325AB1F7E00A5C413 = {
						CreatedOnToolsVersion = 12.0;
						TestTargetID = 6BEC8B9D25AB1F7D00A5C413;
					};
					6BEC8BBE25AB1F7E00A5C413 = {
						CreatedOnToolsVersion = 12.0;
						TestTargetID = 6BEC8B9D25AB1F7D00A5C413;
					};
				};
			};
			buildConfigurationList = 6BEC8B9925AB1F7D00A5C413 /* Build configuration list for PBXProject "MuscleRecommend" */;
			compatibilityVersion = "Xcode 9.3";
			developmentRegion = en;
			hasScannedForEncodings = 0;
			knownRegions = (
				en,
				Base,
			);
			mainGroup = 6BEC8B9525AB1F7D00A5C413;
			productRefGroup = 6BEC8B9F25AB1F7D00A5C413 /* Products */;
			projectDirPath = "";
			projectRoot = "";
			targets = (
				6BEC8B9D25AB1F7D00A5C413 /* MuscleRecommend */,
				6BEC8BB325AB1F7E00A5C413 /* MuscleRecommendTests */,
				6BEC8BBE25AB1F7E00A5C413 /* MuscleRecommendUITests */,
			);
		};
/* End PBXProject section */

/* Begin PBXResourcesBuildPhase section */
		6BEC8B9C25AB1F7D00A5C413 /* Resources */ = {
			isa = PBXResourcesBuildPhase;
			buildActionMask = 2147483647;
			files = (
				6BEC8BAE25AB1F7E00A5C413 /* LaunchScreen.storyboard in Resources */,
				6B68B6E726427304000D7ACC /* MuscleStrengthRecommendView.xib in Resources */,
				6BEC8BAB25AB1F7E00A5C413 /* Assets.xcassets in Resources */,
				6BEC8BA925AB1F7D00A5C413 /* MuscleMenu.storyboard in Resources */,
				6B3DB690262C6CC80045341E /* MuscleRecordHistory.storyboard in Resources */,
			);
			runOnlyForDeploymentPostprocessing = 0;
		};
		6BEC8BB225AB1F7E00A5C413 /* Resources */ = {
			isa = PBXResourcesBuildPhase;
			buildActionMask = 2147483647;
			files = (
			);
			runOnlyForDeploymentPostprocessing = 0;
		};
		6BEC8BBD25AB1F7E00A5C413 /* Resources */ = {
			isa = PBXResourcesBuildPhase;
			buildActionMask = 2147483647;
			files = (
			);
			runOnlyForDeploymentPostprocessing = 0;
		};
/* End PBXResourcesBuildPhase section */

/* Begin PBXShellScriptBuildPhase section */
		0F2BE30548F6D04038289CD8 /* [CP] Embed Pods Frameworks */ = {
			isa = PBXShellScriptBuildPhase;
			buildActionMask = 2147483647;
			files = (
			);
			inputFileListPaths = (
				"${PODS_ROOT}/Target Support Files/Pods-MuscleRecommend/Pods-MuscleRecommend-frameworks-${CONFIGURATION}-input-files.xcfilelist",
			);
			name = "[CP] Embed Pods Frameworks";
			outputFileListPaths = (
				"${PODS_ROOT}/Target Support Files/Pods-MuscleRecommend/Pods-MuscleRecommend-frameworks-${CONFIGURATION}-output-files.xcfilelist",
			);
			runOnlyForDeploymentPostprocessing = 0;
			shellPath = /bin/sh;
			shellScript = "\"${PODS_ROOT}/Target Support Files/Pods-MuscleRecommend/Pods-MuscleRecommend-frameworks.sh\"\n";
			showEnvVarsInLog = 0;
		};
		18305DAA6685309228AD4425 /* [CP] Embed Pods Frameworks */ = {
			isa = PBXShellScriptBuildPhase;
			buildActionMask = 2147483647;
			files = (
			);
			inputFileListPaths = (
				"${PODS_ROOT}/Target Support Files/Pods-MuscleRecommend-MuscleRecommendUITests/Pods-MuscleRecommend-MuscleRecommendUITests-frameworks-${CONFIGURATION}-input-files.xcfilelist",
			);
			name = "[CP] Embed Pods Frameworks";
			outputFileListPaths = (
				"${PODS_ROOT}/Target Support Files/Pods-MuscleRecommend-MuscleRecommendUITests/Pods-MuscleRecommend-MuscleRecommendUITests-frameworks-${CONFIGURATION}-output-files.xcfilelist",
			);
			runOnlyForDeploymentPostprocessing = 0;
			shellPath = /bin/sh;
			shellScript = "\"${PODS_ROOT}/Target Support Files/Pods-MuscleRecommend-MuscleRecommendUITests/Pods-MuscleRecommend-MuscleRecommendUITests-frameworks.sh\"\n";
			showEnvVarsInLog = 0;
		};
		349C6F19D76A518A2FF59E7C /* [CP] Check Pods Manifest.lock */ = {
			isa = PBXShellScriptBuildPhase;
			buildActionMask = 2147483647;
			files = (
			);
			inputFileListPaths = (
			);
			inputPaths = (
				"${PODS_PODFILE_DIR_PATH}/Podfile.lock",
				"${PODS_ROOT}/Manifest.lock",
			);
			name = "[CP] Check Pods Manifest.lock";
			outputFileListPaths = (
			);
			outputPaths = (
				"$(DERIVED_FILE_DIR)/Pods-MuscleRecommend-checkManifestLockResult.txt",
			);
			runOnlyForDeploymentPostprocessing = 0;
			shellPath = /bin/sh;
			shellScript = "diff \"${PODS_PODFILE_DIR_PATH}/Podfile.lock\" \"${PODS_ROOT}/Manifest.lock\" > /dev/null\nif [ $? != 0 ] ; then\n    # print error to STDERR\n    echo \"error: The sandbox is not in sync with the Podfile.lock. Run 'pod install' or update your CocoaPods installation.\" >&2\n    exit 1\nfi\n# This output is used by Xcode 'outputs' to avoid re-running this script phase.\necho \"SUCCESS\" > \"${SCRIPT_OUTPUT_FILE_0}\"\n";
			showEnvVarsInLog = 0;
		};
		A0D6803F9F2B498DBAF2EFB3 /* [CP] Check Pods Manifest.lock */ = {
			isa = PBXShellScriptBuildPhase;
			buildActionMask = 2147483647;
			files = (
			);
			inputFileListPaths = (
			);
			inputPaths = (
				"${PODS_PODFILE_DIR_PATH}/Podfile.lock",
				"${PODS_ROOT}/Manifest.lock",
			);
			name = "[CP] Check Pods Manifest.lock";
			outputFileListPaths = (
			);
			outputPaths = (
				"$(DERIVED_FILE_DIR)/Pods-MuscleRecommend-MuscleRecommendUITests-checkManifestLockResult.txt",
			);
			runOnlyForDeploymentPostprocessing = 0;
			shellPath = /bin/sh;
			shellScript = "diff \"${PODS_PODFILE_DIR_PATH}/Podfile.lock\" \"${PODS_ROOT}/Manifest.lock\" > /dev/null\nif [ $? != 0 ] ; then\n    # print error to STDERR\n    echo \"error: The sandbox is not in sync with the Podfile.lock. Run 'pod install' or update your CocoaPods installation.\" >&2\n    exit 1\nfi\n# This output is used by Xcode 'outputs' to avoid re-running this script phase.\necho \"SUCCESS\" > \"${SCRIPT_OUTPUT_FILE_0}\"\n";
			showEnvVarsInLog = 0;
		};
		BC752A2CF2E7D5AD58FAE83B /* [CP] Check Pods Manifest.lock */ = {
			isa = PBXShellScriptBuildPhase;
			buildActionMask = 2147483647;
			files = (
			);
			inputFileListPaths = (
			);
			inputPaths = (
				"${PODS_PODFILE_DIR_PATH}/Podfile.lock",
				"${PODS_ROOT}/Manifest.lock",
			);
			name = "[CP] Check Pods Manifest.lock";
			outputFileListPaths = (
			);
			outputPaths = (
				"$(DERIVED_FILE_DIR)/Pods-MuscleRecommendTests-checkManifestLockResult.txt",
			);
			runOnlyForDeploymentPostprocessing = 0;
			shellPath = /bin/sh;
			shellScript = "diff \"${PODS_PODFILE_DIR_PATH}/Podfile.lock\" \"${PODS_ROOT}/Manifest.lock\" > /dev/null\nif [ $? != 0 ] ; then\n    # print error to STDERR\n    echo \"error: The sandbox is not in sync with the Podfile.lock. Run 'pod install' or update your CocoaPods installation.\" >&2\n    exit 1\nfi\n# This output is used by Xcode 'outputs' to avoid re-running this script phase.\necho \"SUCCESS\" > \"${SCRIPT_OUTPUT_FILE_0}\"\n";
			showEnvVarsInLog = 0;
		};
/* End PBXShellScriptBuildPhase section */

/* Begin PBXSourcesBuildPhase section */
		6BEC8B9A25AB1F7D00A5C413 /* Sources */ = {
			isa = PBXSourcesBuildPhase;
			buildActionMask = 2147483647;
			files = (
				6BEC8BA625AB1F7D00A5C413 /* MuscleMenuViewController.swift in Sources */,
				6B68B6F326429715000D7ACC /* UIColor.swift in Sources */,
				6B68B6D22635B01B000D7ACC /* MuscleMenuData.swift in Sources */,
				6BEC8BA225AB1F7D00A5C413 /* AppDelegate.swift in Sources */,
				6B3DB688262C6CBD0045341E /* MuscleRecordHistoryViewController.swift in Sources */,
				6B68B6E2264272DE000D7ACC /* MuscleStrengthRecommendView.swift in Sources */,
				6B68B7002642F4CE000D7ACC /* Date.swift in Sources */,
				6BEC8BA425AB1F7D00A5C413 /* SceneDelegate.swift in Sources */,
			);
			runOnlyForDeploymentPostprocessing = 0;
		};
		6BEC8BB025AB1F7E00A5C413 /* Sources */ = {
			isa = PBXSourcesBuildPhase;
			buildActionMask = 2147483647;
			files = (
				6BEC8BB925AB1F7E00A5C413 /* MuscleRecommendTests.swift in Sources */,
			);
			runOnlyForDeploymentPostprocessing = 0;
		};
		6BEC8BBB25AB1F7E00A5C413 /* Sources */ = {
			isa = PBXSourcesBuildPhase;
			buildActionMask = 2147483647;
			files = (
				6BEC8BC425AB1F7E00A5C413 /* MuscleRecommendUITests.swift in Sources */,
			);
			runOnlyForDeploymentPostprocessing = 0;
		};
/* End PBXSourcesBuildPhase section */

/* Begin PBXTargetDependency section */
		6BEC8BB625AB1F7E00A5C413 /* PBXTargetDependency */ = {
			isa = PBXTargetDependency;
			target = 6BEC8B9D25AB1F7D00A5C413 /* MuscleRecommend */;
			targetProxy = 6BEC8BB525AB1F7E00A5C413 /* PBXContainerItemProxy */;
		};
		6BEC8BC125AB1F7E00A5C413 /* PBXTargetDependency */ = {
			isa = PBXTargetDependency;
			target = 6BEC8B9D25AB1F7D00A5C413 /* MuscleRecommend */;
			targetProxy = 6BEC8BC025AB1F7E00A5C413 /* PBXContainerItemProxy */;
		};
/* End PBXTargetDependency section */

/* Begin PBXVariantGroup section */
		6BEC8BA725AB1F7D00A5C413 /* MuscleMenu.storyboard */ = {
			isa = PBXVariantGroup;
			children = (
				6BEC8BA825AB1F7D00A5C413 /* Base */,
			);
			name = MuscleMenu.storyboard;
			sourceTree = "<group>";
		};
		6BEC8BAC25AB1F7E00A5C413 /* LaunchScreen.storyboard */ = {
			isa = PBXVariantGroup;
			children = (
				6BEC8BAD25AB1F7E00A5C413 /* Base */,
			);
			name = LaunchScreen.storyboard;
			sourceTree = "<group>";
		};
/* End PBXVariantGroup section */

/* Begin XCBuildConfiguration section */
		6BEC8BC625AB1F7E00A5C413 /* Debug */ = {
			isa = XCBuildConfiguration;
			buildSettings = {
				ALWAYS_SEARCH_USER_PATHS = NO;
				CLANG_ANALYZER_NONNULL = YES;
				CLANG_ANALYZER_NUMBER_OBJECT_CONVERSION = YES_AGGRESSIVE;
				CLANG_CXX_LANGUAGE_STANDARD = "gnu++14";
				CLANG_CXX_LIBRARY = "libc++";
				CLANG_ENABLE_MODULES = YES;
				CLANG_ENABLE_OBJC_ARC = YES;
				CLANG_ENABLE_OBJC_WEAK = YES;
				CLANG_WARN_BLOCK_CAPTURE_AUTORELEASING = YES;
				CLANG_WARN_BOOL_CONVERSION = YES;
				CLANG_WARN_COMMA = YES;
				CLANG_WARN_CONSTANT_CONVERSION = YES;
				CLANG_WARN_DEPRECATED_OBJC_IMPLEMENTATIONS = YES;
				CLANG_WARN_DIRECT_OBJC_ISA_USAGE = YES_ERROR;
				CLANG_WARN_DOCUMENTATION_COMMENTS = YES;
				CLANG_WARN_EMPTY_BODY = YES;
				CLANG_WARN_ENUM_CONVERSION = YES;
				CLANG_WARN_INFINITE_RECURSION = YES;
				CLANG_WARN_INT_CONVERSION = YES;
				CLANG_WARN_NON_LITERAL_NULL_CONVERSION = YES;
				CLANG_WARN_OBJC_IMPLICIT_RETAIN_SELF = YES;
				CLANG_WARN_OBJC_LITERAL_CONVERSION = YES;
				CLANG_WARN_OBJC_ROOT_CLASS = YES_ERROR;
				CLANG_WARN_QUOTED_INCLUDE_IN_FRAMEWORK_HEADER = YES;
				CLANG_WARN_RANGE_LOOP_ANALYSIS = YES;
				CLANG_WARN_STRICT_PROTOTYPES = YES;
				CLANG_WARN_SUSPICIOUS_MOVE = YES;
				CLANG_WARN_UNGUARDED_AVAILABILITY = YES_AGGRESSIVE;
				CLANG_WARN_UNREACHABLE_CODE = YES;
				CLANG_WARN__DUPLICATE_METHOD_MATCH = YES;
				COPY_PHASE_STRIP = NO;
				DEBUG_INFORMATION_FORMAT = dwarf;
				ENABLE_STRICT_OBJC_MSGSEND = YES;
				ENABLE_TESTABILITY = YES;
				GCC_C_LANGUAGE_STANDARD = gnu11;
				GCC_DYNAMIC_NO_PIC = NO;
				GCC_NO_COMMON_BLOCKS = YES;
				GCC_OPTIMIZATION_LEVEL = 0;
				GCC_PREPROCESSOR_DEFINITIONS = (
					"DEBUG=1",
					"$(inherited)",
				);
				GCC_WARN_64_TO_32_BIT_CONVERSION = YES;
				GCC_WARN_ABOUT_RETURN_TYPE = YES_ERROR;
				GCC_WARN_UNDECLARED_SELECTOR = YES;
				GCC_WARN_UNINITIALIZED_AUTOS = YES_AGGRESSIVE;
				GCC_WARN_UNUSED_FUNCTION = YES;
				GCC_WARN_UNUSED_VARIABLE = YES;
				IPHONEOS_DEPLOYMENT_TARGET = 14.0;
				MTL_ENABLE_DEBUG_INFO = INCLUDE_SOURCE;
				MTL_FAST_MATH = YES;
				ONLY_ACTIVE_ARCH = YES;
				SDKROOT = iphoneos;
				SWIFT_ACTIVE_COMPILATION_CONDITIONS = DEBUG;
				SWIFT_OPTIMIZATION_LEVEL = "-Onone";
			};
			name = Debug;
		};
		6BEC8BC725AB1F7E00A5C413 /* Release */ = {
			isa = XCBuildConfiguration;
			buildSettings = {
				ALWAYS_SEARCH_USER_PATHS = NO;
				CLANG_ANALYZER_NONNULL = YES;
				CLANG_ANALYZER_NUMBER_OBJECT_CONVERSION = YES_AGGRESSIVE;
				CLANG_CXX_LANGUAGE_STANDARD = "gnu++14";
				CLANG_CXX_LIBRARY = "libc++";
				CLANG_ENABLE_MODULES = YES;
				CLANG_ENABLE_OBJC_ARC = YES;
				CLANG_ENABLE_OBJC_WEAK = YES;
				CLANG_WARN_BLOCK_CAPTURE_AUTORELEASING = YES;
				CLANG_WARN_BOOL_CONVERSION = YES;
				CLANG_WARN_COMMA = YES;
				CLANG_WARN_CONSTANT_CONVERSION = YES;
				CLANG_WARN_DEPRECATED_OBJC_IMPLEMENTATIONS = YES;
				CLANG_WARN_DIRECT_OBJC_ISA_USAGE = YES_ERROR;
				CLANG_WARN_DOCUMENTATION_COMMENTS = YES;
				CLANG_WARN_EMPTY_BODY = YES;
				CLANG_WARN_ENUM_CONVERSION = YES;
				CLANG_WARN_INFINITE_RECURSION = YES;
				CLANG_WARN_INT_CONVERSION = YES;
				CLANG_WARN_NON_LITERAL_NULL_CONVERSION = YES;
				CLANG_WARN_OBJC_IMPLICIT_RETAIN_SELF = YES;
				CLANG_WARN_OBJC_LITERAL_CONVERSION = YES;
				CLANG_WARN_OBJC_ROOT_CLASS = YES_ERROR;
				CLANG_WARN_QUOTED_INCLUDE_IN_FRAMEWORK_HEADER = YES;
				CLANG_WARN_RANGE_LOOP_ANALYSIS = YES;
				CLANG_WARN_STRICT_PROTOTYPES = YES;
				CLANG_WARN_SUSPICIOUS_MOVE = YES;
				CLANG_WARN_UNGUARDED_AVAILABILITY = YES_AGGRESSIVE;
				CLANG_WARN_UNREACHABLE_CODE = YES;
				CLANG_WARN__DUPLICATE_METHOD_MATCH = YES;
				COPY_PHASE_STRIP = NO;
				DEBUG_INFORMATION_FORMAT = "dwarf-with-dsym";
				ENABLE_NS_ASSERTIONS = NO;
				ENABLE_STRICT_OBJC_MSGSEND = YES;
				GCC_C_LANGUAGE_STANDARD = gnu11;
				GCC_NO_COMMON_BLOCKS = YES;
				GCC_WARN_64_TO_32_BIT_CONVERSION = YES;
				GCC_WARN_ABOUT_RETURN_TYPE = YES_ERROR;
				GCC_WARN_UNDECLARED_SELECTOR = YES;
				GCC_WARN_UNINITIALIZED_AUTOS = YES_AGGRESSIVE;
				GCC_WARN_UNUSED_FUNCTION = YES;
				GCC_WARN_UNUSED_VARIABLE = YES;
				IPHONEOS_DEPLOYMENT_TARGET = 14.0;
				MTL_ENABLE_DEBUG_INFO = NO;
				MTL_FAST_MATH = YES;
				SDKROOT = iphoneos;
				SWIFT_COMPILATION_MODE = wholemodule;
				SWIFT_OPTIMIZATION_LEVEL = "-O";
				VALIDATE_PRODUCT = YES;
			};
			name = Release;
		};
		6BEC8BC925AB1F7E00A5C413 /* Debug */ = {
			isa = XCBuildConfiguration;
			baseConfigurationReference = E57FD38A655FB366A677EED0 /* Pods-MuscleRecommend.debug.xcconfig */;
			buildSettings = {
				ASSETCATALOG_COMPILER_APPICON_NAME = AppIcon;
				ASSETCATALOG_COMPILER_GLOBAL_ACCENT_COLOR_NAME = AccentColor;
				CODE_SIGN_STYLE = Automatic;
				DEVELOPMENT_TEAM = L6CD882LCX;
				INFOPLIST_FILE = MuscleRecommend/Info.plist;
				LD_RUNPATH_SEARCH_PATHS = (
					"$(inherited)",
					"@executable_path/Frameworks",
				);
				PRODUCT_BUNDLE_IDENTIFIER = geckoyamori.MuscleRecommend;
				PRODUCT_NAME = "$(TARGET_NAME)";
				SWIFT_VERSION = 5.0;
				TARGETED_DEVICE_FAMILY = "1,2";
			};
			name = Debug;
		};
		6BEC8BCA25AB1F7E00A5C413 /* Release */ = {
			isa = XCBuildConfiguration;
			baseConfigurationReference = 9B96C7861118630908F9E47A /* Pods-MuscleRecommend.release.xcconfig */;
			buildSettings = {
				ASSETCATALOG_COMPILER_APPICON_NAME = AppIcon;
				ASSETCATALOG_COMPILER_GLOBAL_ACCENT_COLOR_NAME = AccentColor;
				CODE_SIGN_STYLE = Automatic;
				DEVELOPMENT_TEAM = L6CD882LCX;
				INFOPLIST_FILE = MuscleRecommend/Info.plist;
				LD_RUNPATH_SEARCH_PATHS = (
					"$(inherited)",
					"@executable_path/Frameworks",
				);
				PRODUCT_BUNDLE_IDENTIFIER = geckoyamori.MuscleRecommend;
				PRODUCT_NAME = "$(TARGET_NAME)";
				SWIFT_VERSION = 5.0;
				TARGETED_DEVICE_FAMILY = "1,2";
			};
			name = Release;
		};
		6BEC8BCC25AB1F7E00A5C413 /* Debug */ = {
			isa = XCBuildConfiguration;
			baseConfigurationReference = 3324D553A12E8ED746DD7427 /* Pods-MuscleRecommendTests.debug.xcconfig */;
			buildSettings = {
				ALWAYS_EMBED_SWIFT_STANDARD_LIBRARIES = YES;
				BUNDLE_LOADER = "$(TEST_HOST)";
				CODE_SIGN_STYLE = Automatic;
				DEVELOPMENT_TEAM = L6CD882LCX;
				INFOPLIST_FILE = MuscleRecommendTests/Info.plist;
				IPHONEOS_DEPLOYMENT_TARGET = 14.0;
				LD_RUNPATH_SEARCH_PATHS = (
					"$(inherited)",
					"@executable_path/Frameworks",
					"@loader_path/Frameworks",
				);
				PRODUCT_BUNDLE_IDENTIFIER = geckoyamori.MuscleRecommendTests;
				PRODUCT_NAME = "$(TARGET_NAME)";
				SWIFT_VERSION = 5.0;
				TARGETED_DEVICE_FAMILY = "1,2";
				TEST_HOST = "$(BUILT_PRODUCTS_DIR)/MuscleRecommend.app/MuscleRecommend";
			};
			name = Debug;
		};
		6BEC8BCD25AB1F7E00A5C413 /* Release */ = {
			isa = XCBuildConfiguration;
			baseConfigurationReference = 4946AE49AE1301AA186A5750 /* Pods-MuscleRecommendTests.release.xcconfig */;
			buildSettings = {
				ALWAYS_EMBED_SWIFT_STANDARD_LIBRARIES = YES;
				BUNDLE_LOADER = "$(TEST_HOST)";
				CODE_SIGN_STYLE = Automatic;
				DEVELOPMENT_TEAM = L6CD882LCX;
				INFOPLIST_FILE = MuscleRecommendTests/Info.plist;
				IPHONEOS_DEPLOYMENT_TARGET = 14.0;
				LD_RUNPATH_SEARCH_PATHS = (
					"$(inherited)",
					"@executable_path/Frameworks",
					"@loader_path/Frameworks",
				);
				PRODUCT_BUNDLE_IDENTIFIER = geckoyamori.MuscleRecommendTests;
				PRODUCT_NAME = "$(TARGET_NAME)";
				SWIFT_VERSION = 5.0;
				TARGETED_DEVICE_FAMILY = "1,2";
				TEST_HOST = "$(BUILT_PRODUCTS_DIR)/MuscleRecommend.app/MuscleRecommend";
			};
			name = Release;
		};
		6BEC8BCF25AB1F7E00A5C413 /* Debug */ = {
			isa = XCBuildConfiguration;
			baseConfigurationReference = EFDBF85F8D783E99EC450C7D /* Pods-MuscleRecommend-MuscleRecommendUITests.debug.xcconfig */;
			buildSettings = {
				ALWAYS_EMBED_SWIFT_STANDARD_LIBRARIES = YES;
				CODE_SIGN_STYLE = Automatic;
				DEVELOPMENT_TEAM = L6CD882LCX;
				INFOPLIST_FILE = MuscleRecommendUITests/Info.plist;
				LD_RUNPATH_SEARCH_PATHS = (
					"$(inherited)",
					"@executable_path/Frameworks",
					"@loader_path/Frameworks",
				);
				PRODUCT_BUNDLE_IDENTIFIER = geckoyamori.MuscleRecommendUITests;
				PRODUCT_NAME = "$(TARGET_NAME)";
				SWIFT_VERSION = 5.0;
				TARGETED_DEVICE_FAMILY = "1,2";
				TEST_TARGET_NAME = MuscleRecommend;
			};
			name = Debug;
		};
		6BEC8BD025AB1F7E00A5C413 /* Release */ = {
			isa = XCBuildConfiguration;
			baseConfigurationReference = 5A34EC7BCA62911B142E95DC /* Pods-MuscleRecommend-MuscleRecommendUITests.release.xcconfig */;
			buildSettings = {
				ALWAYS_EMBED_SWIFT_STANDARD_LIBRARIES = YES;
				CODE_SIGN_STYLE = Automatic;
				DEVELOPMENT_TEAM = L6CD882LCX;
				INFOPLIST_FILE = MuscleRecommendUITests/Info.plist;
				LD_RUNPATH_SEARCH_PATHS = (
					"$(inherited)",
					"@executable_path/Frameworks",
					"@loader_path/Frameworks",
				);
				PRODUCT_BUNDLE_IDENTIFIER = geckoyamori.MuscleRecommendUITests;
				PRODUCT_NAME = "$(TARGET_NAME)";
				SWIFT_VERSION = 5.0;
				TARGETED_DEVICE_FAMILY = "1,2";
				TEST_TARGET_NAME = MuscleRecommend;
			};
			name = Release;
		};
/* End XCBuildConfiguration section */

/* Begin XCConfigurationList section */
		6BEC8B9925AB1F7D00A5C413 /* Build configuration list for PBXProject "MuscleRecommend" */ = {
			isa = XCConfigurationList;
			buildConfigurations = (
				6BEC8BC625AB1F7E00A5C413 /* Debug */,
				6BEC8BC725AB1F7E00A5C413 /* Release */,
			);
			defaultConfigurationIsVisible = 0;
			defaultConfigurationName = Release;
		};
		6BEC8BC825AB1F7E00A5C413 /* Build configuration list for PBXNativeTarget "MuscleRecommend" */ = {
			isa = XCConfigurationList;
			buildConfigurations = (
				6BEC8BC925AB1F7E00A5C413 /* Debug */,
				6BEC8BCA25AB1F7E00A5C413 /* Release */,
			);
			defaultConfigurationIsVisible = 0;
			defaultConfigurationName = Release;
		};
		6BEC8BCB25AB1F7E00A5C413 /* Build configuration list for PBXNativeTarget "MuscleRecommendTests" */ = {
			isa = XCConfigurationList;
			buildConfigurations = (
				6BEC8BCC25AB1F7E00A5C413 /* Debug */,
				6BEC8BCD25AB1F7E00A5C413 /* Release */,
			);
			defaultConfigurationIsVisible = 0;
			defaultConfigurationName = Release;
		};
		6BEC8BCE25AB1F7E00A5C413 /* Build configuration list for PBXNativeTarget "MuscleRecommendUITests" */ = {
			isa = XCConfigurationList;
			buildConfigurations = (
				6BEC8BCF25AB1F7E00A5C413 /* Debug */,
				6BEC8BD025AB1F7E00A5C413 /* Release */,
			);
			defaultConfigurationIsVisible = 0;
			defaultConfigurationName = Release;
		};
/* End XCConfigurationList section */
	};
	rootObject = 6BEC8B9625AB1F7D00A5C413 /* Project object */;
}
